{
  "version": "4",
  "specifiers": {
    "jsr:@hono/hono@^4.7.4": "4.7.4",
    "npm:@opentelemetry/api@^1.9.0": "1.9.0"
  },
  "jsr": {
    "@hono/hono@4.7.4": {
      "integrity": "c03c9cbe0fbfc4e51f3fee6502a7903aa4f9ef7c2c98635607b15eee14258825"
    }
  },
  "npm": {
    "@opentelemetry/api@1.9.0": {
      "integrity": "sha512-3giAOQvZiH5F9bMlMiv8+GSPMeqg0dbaeo58/0SlA9sxSqZhnUtxzX9/2FzyhS9sWQf5S0GJE0AKBrFqjpeYcg=="
    }
  },
  "workspace": {
    "dependencies": [
      "jsr:@hono/hono@^4.7.4",
      "npm:@opentelemetry/api@^1.9.0"
    ]
  }
}
